
Microsoft Visual Studio Solution File, Format Version 12.00
# Visual Studio 15
VisualStudioVersion = 15.0.28307.271
MinimumVisualStudioVersion = 10.0.40219.1
Project("{FAE04EC0-301F-11D3-BF4B-00C04F79EFBC}") = "Sistema.View", "Sistema.View\Sistema.View.csproj", "{04079678-D496-4066-99C7-3204ECB1E4CA}"
EndProject
Project("{FAE04EC0-301F-11D3-BF4B-00C04F79EFBC}") = "Sistema.Model", "Sistema.Model\Sistema.Model.csproj", "{C193918B-5DDD-497F-AB58-68F95DDBF2E1}"
EndProject
Project("{FAE04EC0-301F-11D3-BF4B-00C04F79EFBC}") = "Sistema.DAO", "Sistema.DAO\Sistema.DAO.csproj", "{15B1B733-485A-4433-981B-109852BC0FF1}"
EndProject
Project("{FAE04EC0-301F-11D3-BF4B-00C04F79EFBC}") = "Sistema.Entidades", "Sistema.Entidades\Sistema.Entidades.csproj", "{EB753BAA-9906-439A-B135-463C9919F61C}"
EndProject
Global
	GlobalSection(SolutionConfigurationPlatforms) = preSolution
		Debug|Any CPU = Debug|Any CPU
		Release|Any CPU = Release|Any CPU
	EndGlobalSection
	GlobalSection(ProjectConfigurationPlatforms) = postSolution
		{04079678-D496-4066-99C7-3204ECB1E4CA}.Debug|Any CPU.ActiveCfg = Debug|Any CPU
		{04079678-D496-4066-99C7-3204ECB1E4CA}.Debug|Any CPU.Build.0 = Debug|Any CPU
		{04079678-D496-4066-99C7-3204ECB1E4CA}.Release|Any CPU.ActiveCfg = Release|Any CPU
		{04079678-D496-4066-99C7-3204ECB1E4CA}.Release|Any CPU.Build.0 = Release|Any CPU
		{C193918B-5DDD-497F-AB58-68F95DDBF2E1}.Debug|Any CPU.ActiveCfg = Debug|Any CPU
		{C193918B-5DDD-497F-AB58-68F95DDBF2E1}.Debug|Any CPU.Build.0 = Debug|Any CPU
		{C193918B-5DDD-497F-AB58-68F95DDBF2E1}.Release|Any CPU.ActiveCfg = Release|Any CPU
		{C193918B-5DDD-497F-AB58-68F95DDBF2E1}.Release|Any CPU.Build.0 = Release|Any CPU
		{15B1B733-485A-4433-981B-109852BC0FF1}.Debug|Any CPU.ActiveCfg = Debug|Any CPU
		{15B1B733-485A-4433-981B-109852BC0FF1}.Debug|Any CPU.Build.0 = Debug|Any CPU
		{15B1B733-485A-4433-981B-109852BC0FF1}.Release|Any CPU.ActiveCfg = Release|Any CPU
		{15B1B733-485A-4433-981B-109852BC0FF1}.Release|Any CPU.Build.0 = Release|Any CPU
		{EB753BAA-9906-439A-B135-463C9919F61C}.Debug|Any CPU.ActiveCfg = Debug|Any CPU
		{EB753BAA-9906-439A-B135-463C9919F61C}.Debug|Any CPU.Build.0 = Debug|Any CPU
		{EB753BAA-9906-439A-B135-463C9919F61C}.Release|Any CPU.ActiveCfg = Release|Any CPU
		{EB753BAA-9906-439A-B135-463C9919F61C}.Release|Any CPU.Build.0 = Release|Any CPU
	EndGlobalSection
	GlobalSection(SolutionProperties) = preSolution
		HideSolutionNode = FALSE
	EndGlobalSection
	GlobalSection(ExtensibilityGlobals) = postSolution
		SolutionGuid = {39059711-FC9A-47C8-93E4-35CFC019480A}
	EndGlobalSection
EndGlobal
